
Microsoft Visual Studio Solution File, Format Version 12.00
# Visual Studio Version 16
VisualStudioVersion = 16.0.31702.278
MinimumVisualStudioVersion = 10.0.40219.1
Project("{FAE04EC0-301F-11D3-BF4B-00C04F79EFBC}") = "CSharpMortgageCalc", "CSharpMortgageCalc\CSharpMortgageCalc.csproj", "{0738207D-B41F-4FE5-91C2-5AFA9578AA82}"
EndProject
Global
	GlobalSection(SolutionConfigurationPlatforms) = preSolution
		Debug|Any CPU = Debug|Any CPU
		Release|Any CPU = Release|Any CPU
	EndGlobalSection
	GlobalSection(ProjectConfigurationPlatforms) = postSolution
		{0738207D-B41F-4FE5-91C2-5AFA9578AA82}.Debug|Any CPU.ActiveCfg = Debug|Any CPU
		{0738207D-B41F-4FE5-91C2-5AFA9578AA82}.Debug|Any CPU.Build.0 = Debug|Any CPU
		{0738207D-B41F-4FE5-91C2-5AFA9578AA82}.Release|Any CPU.ActiveCfg = Release|Any CPU
		{0738207D-B41F-4FE5-91C2-5AFA9578AA82}.Release|Any CPU.Build.0 = Release|Any CPU
	EndGlobalSection
	GlobalSection(SolutionProperties) = preSolution
		HideSolutionNode = FALSE
	EndGlobalSection
	GlobalSection(ExtensibilityGlobals) = postSolution
		SolutionGuid = {B8728486-E91E-4053-AEFA-7A63CCB5FD05}
	EndGlobalSection
EndGlobal
